
Microsoft Visual Studio Solution File, Format Version 12.00
# Visual Studio 15
VisualStudioVersion = 15.0.26403.7
MinimumVisualStudioVersion = 10.0.40219.1
Project("{FAE04EC0-301F-11D3-BF4B-00C04F79EFBC}") = "testdnnew2", "testdnnew2\testdnnew2.csproj", "{051DF221-5198-4AAB-A09A-12B9BBF3377A}"
EndProject
Global
	GlobalSection(SolutionConfigurationPlatforms) = preSolution
		Debug|Any CPU = Debug|Any CPU
		Release|Any CPU = Release|Any CPU
	EndGlobalSection
	GlobalSection(ProjectConfigurationPlatforms) = postSolution
		{051DF221-5198-4AAB-A09A-12B9BBF3377A}.Debug|Any CPU.ActiveCfg = Debug|Any CPU
		{051DF221-5198-4AAB-A09A-12B9BBF3377A}.Debug|Any CPU.Build.0 = Debug|Any CPU
		{051DF221-5198-4AAB-A09A-12B9BBF3377A}.Release|Any CPU.ActiveCfg = Release|Any CPU
		{051DF221-5198-4AAB-A09A-12B9BBF3377A}.Release|Any CPU.Build.0 = Release|Any CPU
	EndGlobalSection
	GlobalSection(SolutionProperties) = preSolution
		HideSolutionNode = FALSE
	EndGlobalSection
EndGlobal
